
Microsoft Visual Studio Solution File, Format Version 12.00
# Visual Studio Version 16
VisualStudioVersion = 16.0.30002.166
MinimumVisualStudioVersion = 10.0.40219.1
Project("{FAE04EC0-301F-11D3-BF4B-00C04F79EFBC}") = "TestApp", "TestApp\TestApp.csproj", "{464F3945-7E2D-4361-928A-71444970F244}"
EndProject
Global
	GlobalSection(SolutionConfigurationPlatforms) = preSolution
		Debug|Any CPU = Debug|Any CPU
		Release|Any CPU = Release|Any CPU
	EndGlobalSection
	GlobalSection(ProjectConfigurationPlatforms) = postSolution
		{464F3945-7E2D-4361-928A-71444970F244}.Debug|Any CPU.ActiveCfg = Debug|Any CPU
		{464F3945-7E2D-4361-928A-71444970F244}.Debug|Any CPU.Build.0 = Debug|Any CPU
		{464F3945-7E2D-4361-928A-71444970F244}.Release|Any CPU.ActiveCfg = Release|Any CPU
		{464F3945-7E2D-4361-928A-71444970F244}.Release|Any CPU.Build.0 = Release|Any CPU
	EndGlobalSection
	GlobalSection(SolutionProperties) = preSolution
		HideSolutionNode = FALSE
	EndGlobalSection
	GlobalSection(ExtensibilityGlobals) = postSolution
		SolutionGuid = {04B2E2BF-D730-4324-B050-CC274473AA8B}
	EndGlobalSection
EndGlobal
